{
  "name": "workspaces-bug",
  "version": "1.0.0",
  "lockfileVersion": 2,
  "requires": true,
  "packages": {
    "": {
      "name": "workspaces-bug",
      "version": "1.0.0",
      "license": "ISC",
      "workspaces": [
        "packages/*"
      ]
    },
    "node_modules/is-sorted": {
      "version": "1.0.5",
      "resolved": "https://registry.npmjs.org/is-sorted/-/is-sorted-1.0.5.tgz",
      "integrity": "sha512-KZJvKDrI+Kg3ixeDaZQIt7RIwcGnm07+NSipyj1r9MtjDrLG678ETy4yO6dBJLUjejPdge9fLCGxsWkQO/3PJg=="
    },
    "node_modules/my-custom-loader": {
      "resolved": "packages/my-custom-loader",
      "link": true
    },
    "node_modules/package-a": {
      "resolved": "packages/package-a",
      "link": true
    },
    "node_modules/package-b": {
      "resolved": "packages/package-b",
      "link": true
    },
    "packages/my-custom-loader": {
      "version": "1.0.0",
      "license": "ISC"
    },
    "packages/package-a": {
      "version": "1.0.0",
      "license": "ISC",
      "dependencies": {
        "is-sorted": "1.0.5",
        "my-custom-loader": "1.0.0"
      }
    },
    "packages/package-b": {
      "version": "1.0.0",
      "license": "ISC",
      "dependencies": {
        "is-sorted": "1.0.0",
        "my-custom-loader": "1.0.0"
      }
    },
    "packages/package-b/node_modules/is-sorted": {
      "version": "1.0.0",
      "resolved": "https://registry.npmjs.org/is-sorted/-/is-sorted-1.0.0.tgz",
      "integrity": "sha512-AW3Rj29JdICqqdr0IXoYyzK7yE5XiuQHyF48fCEIBbBfbqvkUWwBIaPl0xTZ5Crzt0vS+4pe10cLDh+QffBSQw=="
    }
  },
  "dependencies": {
    "is-sorted": {
      "version": "1.0.5",
      "resolved": "https://registry.npmjs.org/is-sorted/-/is-sorted-1.0.5.tgz",
      "integrity": "sha512-KZJvKDrI+Kg3ixeDaZQIt7RIwcGnm07+NSipyj1r9MtjDrLG678ETy4yO6dBJLUjejPdge9fLCGxsWkQO/3PJg=="
    },
    "my-custom-loader": {
      "version": "file:packages/my-custom-loader"
    },
    "package-a": {
      "version": "file:packages/package-a",
      "requires": {
        "is-sorted": "1.0.5",
        "my-custom-loader": "1.0.0"
      }
    },
    "package-b": {
      "version": "file:packages/package-b",
      "requires": {
        "is-sorted": "1.0.0",
        "my-custom-loader": "1.0.0"
      },
      "dependencies": {
        "is-sorted": {
          "version": "1.0.0",
          "resolved": "https://registry.npmjs.org/is-sorted/-/is-sorted-1.0.0.tgz",
          "integrity": "sha512-AW3Rj29JdICqqdr0IXoYyzK7yE5XiuQHyF48fCEIBbBfbqvkUWwBIaPl0xTZ5Crzt0vS+4pe10cLDh+QffBSQw=="
        }
      }
    }
  }
}
